
Microsoft Visual Studio Solution File, Format Version 11.00
# Visual Studio 2010
Project("{FAE04EC0-301F-11D3-BF4B-00C04F79EFBC}") = "PluginSystemDemo.Mvc3", "PluginSystemDemo.Mvc3\PluginSystemDemo.Mvc3.csproj", "{CACFB3AE-1794-4301-AE4D-73FEAA966153}"
EndProject
Project("{2150E333-8FDC-42A3-9474-1A3956D46DE8}") = "Plugins", "Plugins", "{CC6CBB5B-C1AC-44FD-AE0A-64A719AD5E4D}"
EndProject
Project("{2150E333-8FDC-42A3-9474-1A3956D46DE8}") = "Messaging", "Messaging", "{65236416-86F1-477C-ACDD-5E4C4AA2E066}"
EndProject
Project("{FAE04EC0-301F-11D3-BF4B-00C04F79EFBC}") = "Plugin.Messaging", "Plugins\Messaging\Messaging\Plugin.Messaging.csproj", "{36A1EDB7-904F-4054-B223-D9E0955B8135}"
EndProject
Project("{FAE04EC0-301F-11D3-BF4B-00C04F79EFBC}") = "PluginSystemDemo.PluginBase", "PluginSystemDemo.PluginBase\PluginSystemDemo.PluginBase.csproj", "{7DF19907-7516-45F8-987B-3A767E543F02}"
EndProject
Global
	GlobalSection(SolutionConfigurationPlatforms) = preSolution
		Debug|Any CPU = Debug|Any CPU
		Release|Any CPU = Release|Any CPU
	EndGlobalSection
	GlobalSection(ProjectConfigurationPlatforms) = postSolution
		{CACFB3AE-1794-4301-AE4D-73FEAA966153}.Debug|Any CPU.ActiveCfg = Debug|Any CPU
		{CACFB3AE-1794-4301-AE4D-73FEAA966153}.Debug|Any CPU.Build.0 = Debug|Any CPU
		{CACFB3AE-1794-4301-AE4D-73FEAA966153}.Release|Any CPU.ActiveCfg = Release|Any CPU
		{CACFB3AE-1794-4301-AE4D-73FEAA966153}.Release|Any CPU.Build.0 = Release|Any CPU
		{36A1EDB7-904F-4054-B223-D9E0955B8135}.Debug|Any CPU.ActiveCfg = Debug|Any CPU
		{36A1EDB7-904F-4054-B223-D9E0955B8135}.Debug|Any CPU.Build.0 = Debug|Any CPU
		{36A1EDB7-904F-4054-B223-D9E0955B8135}.Release|Any CPU.ActiveCfg = Release|Any CPU
		{36A1EDB7-904F-4054-B223-D9E0955B8135}.Release|Any CPU.Build.0 = Release|Any CPU
		{7DF19907-7516-45F8-987B-3A767E543F02}.Debug|Any CPU.ActiveCfg = Debug|Any CPU
		{7DF19907-7516-45F8-987B-3A767E543F02}.Debug|Any CPU.Build.0 = Debug|Any CPU
		{7DF19907-7516-45F8-987B-3A767E543F02}.Release|Any CPU.ActiveCfg = Release|Any CPU
		{7DF19907-7516-45F8-987B-3A767E543F02}.Release|Any CPU.Build.0 = Release|Any CPU
	EndGlobalSection
	GlobalSection(SolutionProperties) = preSolution
		HideSolutionNode = FALSE
	EndGlobalSection
	GlobalSection(NestedProjects) = preSolution
		{65236416-86F1-477C-ACDD-5E4C4AA2E066} = {CC6CBB5B-C1AC-44FD-AE0A-64A719AD5E4D}
		{36A1EDB7-904F-4054-B223-D9E0955B8135} = {65236416-86F1-477C-ACDD-5E4C4AA2E066}
	EndGlobalSection
EndGlobal
