
Microsoft Visual Studio Solution File, Format Version 11.00
# Visual Studio 2010
Project("{FAE04EC0-301F-11D3-BF4B-00C04F79EFBC}") = "Forum.WebClient", "Forum.WebClient\Forum.WebClient.csproj", "{79BA9C29-8D9C-451F-8B89-7185525999E3}"
EndProject
Project("{FAE04EC0-301F-11D3-BF4B-00C04F79EFBC}") = "Forum.Core.Tests", "Forum.Core.Tests\Forum.Core.Tests.csproj", "{01CCA7B9-438A-4AC1-941E-B9240F225656}"
EndProject
Project("{FAE04EC0-301F-11D3-BF4B-00C04F79EFBC}") = "Forum.Core", "Forum.Core\Forum.Core.csproj", "{63D935D8-7D23-4F8B-B1DF-8DF72C4F5EFA}"
EndProject
Global
	GlobalSection(SolutionConfigurationPlatforms) = preSolution
		Debug|Any CPU = Debug|Any CPU
		Release|Any CPU = Release|Any CPU
	EndGlobalSection
	GlobalSection(ProjectConfigurationPlatforms) = postSolution
		{79BA9C29-8D9C-451F-8B89-7185525999E3}.Debug|Any CPU.ActiveCfg = Debug|Any CPU
		{79BA9C29-8D9C-451F-8B89-7185525999E3}.Debug|Any CPU.Build.0 = Debug|Any CPU
		{79BA9C29-8D9C-451F-8B89-7185525999E3}.Release|Any CPU.ActiveCfg = Release|Any CPU
		{79BA9C29-8D9C-451F-8B89-7185525999E3}.Release|Any CPU.Build.0 = Release|Any CPU
		{01CCA7B9-438A-4AC1-941E-B9240F225656}.Debug|Any CPU.ActiveCfg = Debug|Any CPU
		{01CCA7B9-438A-4AC1-941E-B9240F225656}.Debug|Any CPU.Build.0 = Debug|Any CPU
		{01CCA7B9-438A-4AC1-941E-B9240F225656}.Release|Any CPU.ActiveCfg = Release|Any CPU
		{01CCA7B9-438A-4AC1-941E-B9240F225656}.Release|Any CPU.Build.0 = Release|Any CPU
		{63D935D8-7D23-4F8B-B1DF-8DF72C4F5EFA}.Debug|Any CPU.ActiveCfg = Debug|Any CPU
		{63D935D8-7D23-4F8B-B1DF-8DF72C4F5EFA}.Debug|Any CPU.Build.0 = Debug|Any CPU
		{63D935D8-7D23-4F8B-B1DF-8DF72C4F5EFA}.Release|Any CPU.ActiveCfg = Release|Any CPU
		{63D935D8-7D23-4F8B-B1DF-8DF72C4F5EFA}.Release|Any CPU.Build.0 = Release|Any CPU
	EndGlobalSection
	GlobalSection(SolutionProperties) = preSolution
		HideSolutionNode = FALSE
	EndGlobalSection
EndGlobal
