
Microsoft Visual Studio Solution File, Format Version 12.00
# Visual Studio 2012
Project("{2150E333-8FDC-42A3-9474-1A3956D46DE8}") = ".nuget", ".nuget", "{DABBB2F2-FE2A-48F0-A691-488FC4A0AB9D}"
	ProjectSection(SolutionItems) = preProject
		.nuget\NuGet.Config = .nuget\NuGet.Config
		.nuget\NuGet.exe = .nuget\NuGet.exe
		.nuget\NuGet.targets = .nuget\NuGet.targets
	EndProjectSection
EndProject
Project("{FAE04EC0-301F-11D3-BF4B-00C04F79EFBC}") = "Sample1 - Hello commands", "Sample1\Sample1 - Hello commands.csproj", "{5062B100-B21A-458E-9ACB-559C28E7E7DF}"
EndProject
Project("{FAE04EC0-301F-11D3-BF4B-00C04F79EFBC}") = "Sample2 - Async Commands", "Sample2 - Async Commands\Sample2 - Async Commands.csproj", "{C46F41FC-3BE2-4143-A8CE-8B439A433F78}"
EndProject
Project("{FAE04EC0-301F-11D3-BF4B-00C04F79EFBC}") = "Sample3 - Stored Commands", "Sample3\Sample3 - Stored Commands.csproj", "{90DEA3D7-C40E-4623-A219-F05258AC44D0}"
EndProject
Project("{FAE04EC0-301F-11D3-BF4B-00C04F79EFBC}") = "Sample3a - Retrying commands", "Sample3a\Sample3a - Retrying commands.csproj", "{BC2067A4-F87D-4C56-A8D0-7BA8BA3DCF0D}"
EndProject
Project("{FAE04EC0-301F-11D3-BF4B-00C04F79EFBC}") = "Sample4 - Hello domain events", "Sample4\Sample4 - Hello domain events.csproj", "{E4189FD5-157B-403C-995E-842F067E7607}"
EndProject
Project("{FAE04EC0-301F-11D3-BF4B-00C04F79EFBC}") = "Sample6 - Commands and events", "Sample6\Sample6 - Commands and events.csproj", "{B5B4070C-707D-4CF6-B577-514E52900EB7}"
EndProject
Project("{FAE04EC0-301F-11D3-BF4B-00C04F79EFBC}") = "Sample5 - Domain events, Wait on transactions", "Sample5\Sample5 - Domain events, Wait on transactions.csproj", "{09B1FF0B-86E4-4036-A32B-426CC702535D}"
EndProject
Global
	GlobalSection(SolutionConfigurationPlatforms) = preSolution
		Debug|Any CPU = Debug|Any CPU
		Release|Any CPU = Release|Any CPU
	EndGlobalSection
	GlobalSection(ProjectConfigurationPlatforms) = postSolution
		{5062B100-B21A-458E-9ACB-559C28E7E7DF}.Debug|Any CPU.ActiveCfg = Debug|Any CPU
		{5062B100-B21A-458E-9ACB-559C28E7E7DF}.Debug|Any CPU.Build.0 = Debug|Any CPU
		{5062B100-B21A-458E-9ACB-559C28E7E7DF}.Release|Any CPU.ActiveCfg = Release|Any CPU
		{5062B100-B21A-458E-9ACB-559C28E7E7DF}.Release|Any CPU.Build.0 = Release|Any CPU
		{C46F41FC-3BE2-4143-A8CE-8B439A433F78}.Debug|Any CPU.ActiveCfg = Debug|Any CPU
		{C46F41FC-3BE2-4143-A8CE-8B439A433F78}.Debug|Any CPU.Build.0 = Debug|Any CPU
		{C46F41FC-3BE2-4143-A8CE-8B439A433F78}.Release|Any CPU.ActiveCfg = Release|Any CPU
		{C46F41FC-3BE2-4143-A8CE-8B439A433F78}.Release|Any CPU.Build.0 = Release|Any CPU
		{90DEA3D7-C40E-4623-A219-F05258AC44D0}.Debug|Any CPU.ActiveCfg = Debug|Any CPU
		{90DEA3D7-C40E-4623-A219-F05258AC44D0}.Debug|Any CPU.Build.0 = Debug|Any CPU
		{90DEA3D7-C40E-4623-A219-F05258AC44D0}.Release|Any CPU.ActiveCfg = Release|Any CPU
		{90DEA3D7-C40E-4623-A219-F05258AC44D0}.Release|Any CPU.Build.0 = Release|Any CPU
		{BC2067A4-F87D-4C56-A8D0-7BA8BA3DCF0D}.Debug|Any CPU.ActiveCfg = Debug|Any CPU
		{BC2067A4-F87D-4C56-A8D0-7BA8BA3DCF0D}.Debug|Any CPU.Build.0 = Debug|Any CPU
		{BC2067A4-F87D-4C56-A8D0-7BA8BA3DCF0D}.Release|Any CPU.ActiveCfg = Release|Any CPU
		{BC2067A4-F87D-4C56-A8D0-7BA8BA3DCF0D}.Release|Any CPU.Build.0 = Release|Any CPU
		{E4189FD5-157B-403C-995E-842F067E7607}.Debug|Any CPU.ActiveCfg = Debug|Any CPU
		{E4189FD5-157B-403C-995E-842F067E7607}.Debug|Any CPU.Build.0 = Debug|Any CPU
		{E4189FD5-157B-403C-995E-842F067E7607}.Release|Any CPU.ActiveCfg = Release|Any CPU
		{E4189FD5-157B-403C-995E-842F067E7607}.Release|Any CPU.Build.0 = Release|Any CPU
		{B5B4070C-707D-4CF6-B577-514E52900EB7}.Debug|Any CPU.ActiveCfg = Debug|Any CPU
		{B5B4070C-707D-4CF6-B577-514E52900EB7}.Debug|Any CPU.Build.0 = Debug|Any CPU
		{B5B4070C-707D-4CF6-B577-514E52900EB7}.Release|Any CPU.ActiveCfg = Release|Any CPU
		{B5B4070C-707D-4CF6-B577-514E52900EB7}.Release|Any CPU.Build.0 = Release|Any CPU
		{09B1FF0B-86E4-4036-A32B-426CC702535D}.Debug|Any CPU.ActiveCfg = Debug|Any CPU
		{09B1FF0B-86E4-4036-A32B-426CC702535D}.Debug|Any CPU.Build.0 = Debug|Any CPU
		{09B1FF0B-86E4-4036-A32B-426CC702535D}.Release|Any CPU.ActiveCfg = Release|Any CPU
		{09B1FF0B-86E4-4036-A32B-426CC702535D}.Release|Any CPU.Build.0 = Release|Any CPU
	EndGlobalSection
	GlobalSection(SolutionProperties) = preSolution
		HideSolutionNode = FALSE
	EndGlobalSection
EndGlobal
