
Microsoft Visual Studio Solution File, Format Version 11.00
# Visual Studio 2010
Project("{FAE04EC0-301F-11D3-BF4B-00C04F79EFBC}") = "01. Hello world", "Example1\01. Hello world.csproj", "{49DE60E6-F374-431E-ABA9-80F6B379E93F}"
EndProject
Project("{FAE04EC0-301F-11D3-BF4B-00C04F79EFBC}") = "02. Several instances", "Example2\02. Several instances.csproj", "{D2B4DF78-5B01-452E-84AB-293F1D08749B}"
EndProject
Project("{FAE04EC0-301F-11D3-BF4B-00C04F79EFBC}") = "03. Singleton", "Example3\03. Singleton.csproj", "{6A5A88FA-48F4-49DE-81D3-C488EA51ECB0}"
EndProject
Project("{FAE04EC0-301F-11D3-BF4B-00C04F79EFBC}") = "04. Scoping", "Example4\04. Scoping.csproj", "{7FF25341-28ED-4361-B1B4-FDEE7C94C390}"
EndProject
Project("{FAE04EC0-301F-11D3-BF4B-00C04F79EFBC}") = "05. Dependency Injection", "Example5\05. Dependency Injection.csproj", "{10246676-232A-49B0-A25A-F41F56284F28}"
EndProject
Project("{FAE04EC0-301F-11D3-BF4B-00C04F79EFBC}") = "06. Interfaces", "Example6\06. Interfaces.csproj", "{C6838CC0-6505-414B-9FD0-9D582104A41A}"
EndProject
Project("{FAE04EC0-301F-11D3-BF4B-00C04F79EFBC}") = "07. Domain Events", "Example7\07. Domain Events.csproj", "{BC2117FB-760D-4671-A0AE-6237A26D18F0}"
EndProject
Project("{FAE04EC0-301F-11D3-BF4B-00C04F79EFBC}") = "08. Commands", "Example8\08. Commands.csproj", "{65DF3D61-51A4-4F38-9DB4-2F011675907D}"
EndProject
Project("{FAE04EC0-301F-11D3-BF4B-00C04F79EFBC}") = "09. Decorators", "Example9\09. Decorators.csproj", "{982127A1-5FCB-4277-A077-BA87781B8C35}"
EndProject
Project("{FAE04EC0-301F-11D3-BF4B-00C04F79EFBC}") = "10. Validating Command Decorator", "Example10\10. Validating Command Decorator.csproj", "{3D18C0EC-221B-4616-AB0D-13BE0015DA76}"
EndProject
Global
	GlobalSection(SolutionConfigurationPlatforms) = preSolution
		Debug|Any CPU = Debug|Any CPU
		Debug|Mixed Platforms = Debug|Mixed Platforms
		Debug|x86 = Debug|x86
		Release|Any CPU = Release|Any CPU
		Release|Mixed Platforms = Release|Mixed Platforms
		Release|x86 = Release|x86
	EndGlobalSection
	GlobalSection(ProjectConfigurationPlatforms) = postSolution
		{625BE936-F4F3-4F1D-981F-E9884152B870}.Debug|Any CPU.ActiveCfg = Debug|x86
		{625BE936-F4F3-4F1D-981F-E9884152B870}.Debug|Mixed Platforms.ActiveCfg = Debug|x86
		{625BE936-F4F3-4F1D-981F-E9884152B870}.Debug|Mixed Platforms.Build.0 = Debug|x86
		{625BE936-F4F3-4F1D-981F-E9884152B870}.Debug|x86.ActiveCfg = Debug|x86
		{625BE936-F4F3-4F1D-981F-E9884152B870}.Debug|x86.Build.0 = Debug|x86
		{625BE936-F4F3-4F1D-981F-E9884152B870}.Release|Any CPU.ActiveCfg = Release|x86
		{625BE936-F4F3-4F1D-981F-E9884152B870}.Release|Mixed Platforms.ActiveCfg = Release|x86
		{625BE936-F4F3-4F1D-981F-E9884152B870}.Release|Mixed Platforms.Build.0 = Release|x86
		{625BE936-F4F3-4F1D-981F-E9884152B870}.Release|x86.ActiveCfg = Release|x86
		{625BE936-F4F3-4F1D-981F-E9884152B870}.Release|x86.Build.0 = Release|x86
		{AC636AAA-8081-4757-80D5-AE9035C35893}.Debug|Any CPU.ActiveCfg = Debug|x86
		{AC636AAA-8081-4757-80D5-AE9035C35893}.Debug|Mixed Platforms.ActiveCfg = Debug|x86
		{AC636AAA-8081-4757-80D5-AE9035C35893}.Debug|Mixed Platforms.Build.0 = Debug|x86
		{AC636AAA-8081-4757-80D5-AE9035C35893}.Debug|x86.ActiveCfg = Debug|x86
		{AC636AAA-8081-4757-80D5-AE9035C35893}.Debug|x86.Build.0 = Debug|x86
		{AC636AAA-8081-4757-80D5-AE9035C35893}.Release|Any CPU.ActiveCfg = Release|x86
		{AC636AAA-8081-4757-80D5-AE9035C35893}.Release|Mixed Platforms.ActiveCfg = Release|x86
		{AC636AAA-8081-4757-80D5-AE9035C35893}.Release|Mixed Platforms.Build.0 = Release|x86
		{AC636AAA-8081-4757-80D5-AE9035C35893}.Release|x86.ActiveCfg = Release|x86
		{AC636AAA-8081-4757-80D5-AE9035C35893}.Release|x86.Build.0 = Release|x86
		{49DE60E6-F374-431E-ABA9-80F6B379E93F}.Debug|Any CPU.ActiveCfg = Debug|x86
		{49DE60E6-F374-431E-ABA9-80F6B379E93F}.Debug|Mixed Platforms.ActiveCfg = Debug|x86
		{49DE60E6-F374-431E-ABA9-80F6B379E93F}.Debug|Mixed Platforms.Build.0 = Debug|x86
		{49DE60E6-F374-431E-ABA9-80F6B379E93F}.Debug|x86.ActiveCfg = Debug|x86
		{49DE60E6-F374-431E-ABA9-80F6B379E93F}.Debug|x86.Build.0 = Debug|x86
		{49DE60E6-F374-431E-ABA9-80F6B379E93F}.Release|Any CPU.ActiveCfg = Release|x86
		{49DE60E6-F374-431E-ABA9-80F6B379E93F}.Release|Mixed Platforms.ActiveCfg = Release|x86
		{49DE60E6-F374-431E-ABA9-80F6B379E93F}.Release|Mixed Platforms.Build.0 = Release|x86
		{49DE60E6-F374-431E-ABA9-80F6B379E93F}.Release|x86.ActiveCfg = Release|x86
		{49DE60E6-F374-431E-ABA9-80F6B379E93F}.Release|x86.Build.0 = Release|x86
		{434AD432-44BB-4C9F-B61D-67C178F83B18}.Debug|Any CPU.ActiveCfg = Debug|x86
		{434AD432-44BB-4C9F-B61D-67C178F83B18}.Debug|Mixed Platforms.ActiveCfg = Debug|x86
		{434AD432-44BB-4C9F-B61D-67C178F83B18}.Debug|Mixed Platforms.Build.0 = Debug|x86
		{434AD432-44BB-4C9F-B61D-67C178F83B18}.Debug|x86.ActiveCfg = Debug|x86
		{434AD432-44BB-4C9F-B61D-67C178F83B18}.Debug|x86.Build.0 = Debug|x86
		{434AD432-44BB-4C9F-B61D-67C178F83B18}.Release|Any CPU.ActiveCfg = Release|x86
		{434AD432-44BB-4C9F-B61D-67C178F83B18}.Release|Mixed Platforms.ActiveCfg = Release|x86
		{434AD432-44BB-4C9F-B61D-67C178F83B18}.Release|Mixed Platforms.Build.0 = Release|x86
		{434AD432-44BB-4C9F-B61D-67C178F83B18}.Release|x86.ActiveCfg = Release|x86
		{434AD432-44BB-4C9F-B61D-67C178F83B18}.Release|x86.Build.0 = Release|x86
		{D2B4DF78-5B01-452E-84AB-293F1D08749B}.Debug|Any CPU.ActiveCfg = Debug|x86
		{D2B4DF78-5B01-452E-84AB-293F1D08749B}.Debug|Mixed Platforms.ActiveCfg = Debug|x86
		{D2B4DF78-5B01-452E-84AB-293F1D08749B}.Debug|Mixed Platforms.Build.0 = Debug|x86
		{D2B4DF78-5B01-452E-84AB-293F1D08749B}.Debug|x86.ActiveCfg = Debug|x86
		{D2B4DF78-5B01-452E-84AB-293F1D08749B}.Debug|x86.Build.0 = Debug|x86
		{D2B4DF78-5B01-452E-84AB-293F1D08749B}.Release|Any CPU.ActiveCfg = Release|x86
		{D2B4DF78-5B01-452E-84AB-293F1D08749B}.Release|Mixed Platforms.ActiveCfg = Release|x86
		{D2B4DF78-5B01-452E-84AB-293F1D08749B}.Release|Mixed Platforms.Build.0 = Release|x86
		{D2B4DF78-5B01-452E-84AB-293F1D08749B}.Release|x86.ActiveCfg = Release|x86
		{D2B4DF78-5B01-452E-84AB-293F1D08749B}.Release|x86.Build.0 = Release|x86
		{6A5A88FA-48F4-49DE-81D3-C488EA51ECB0}.Debug|Any CPU.ActiveCfg = Debug|x86
		{6A5A88FA-48F4-49DE-81D3-C488EA51ECB0}.Debug|Mixed Platforms.ActiveCfg = Debug|x86
		{6A5A88FA-48F4-49DE-81D3-C488EA51ECB0}.Debug|Mixed Platforms.Build.0 = Debug|x86
		{6A5A88FA-48F4-49DE-81D3-C488EA51ECB0}.Debug|x86.ActiveCfg = Debug|x86
		{6A5A88FA-48F4-49DE-81D3-C488EA51ECB0}.Debug|x86.Build.0 = Debug|x86
		{6A5A88FA-48F4-49DE-81D3-C488EA51ECB0}.Release|Any CPU.ActiveCfg = Release|x86
		{6A5A88FA-48F4-49DE-81D3-C488EA51ECB0}.Release|Mixed Platforms.ActiveCfg = Release|x86
		{6A5A88FA-48F4-49DE-81D3-C488EA51ECB0}.Release|Mixed Platforms.Build.0 = Release|x86
		{6A5A88FA-48F4-49DE-81D3-C488EA51ECB0}.Release|x86.ActiveCfg = Release|x86
		{6A5A88FA-48F4-49DE-81D3-C488EA51ECB0}.Release|x86.Build.0 = Release|x86
		{7FF25341-28ED-4361-B1B4-FDEE7C94C390}.Debug|Any CPU.ActiveCfg = Debug|x86
		{7FF25341-28ED-4361-B1B4-FDEE7C94C390}.Debug|Mixed Platforms.ActiveCfg = Debug|x86
		{7FF25341-28ED-4361-B1B4-FDEE7C94C390}.Debug|Mixed Platforms.Build.0 = Debug|x86
		{7FF25341-28ED-4361-B1B4-FDEE7C94C390}.Debug|x86.ActiveCfg = Debug|x86
		{7FF25341-28ED-4361-B1B4-FDEE7C94C390}.Debug|x86.Build.0 = Debug|x86
		{7FF25341-28ED-4361-B1B4-FDEE7C94C390}.Release|Any CPU.ActiveCfg = Release|x86
		{7FF25341-28ED-4361-B1B4-FDEE7C94C390}.Release|Mixed Platforms.ActiveCfg = Release|x86
		{7FF25341-28ED-4361-B1B4-FDEE7C94C390}.Release|Mixed Platforms.Build.0 = Release|x86
		{7FF25341-28ED-4361-B1B4-FDEE7C94C390}.Release|x86.ActiveCfg = Release|x86
		{7FF25341-28ED-4361-B1B4-FDEE7C94C390}.Release|x86.Build.0 = Release|x86
		{10246676-232A-49B0-A25A-F41F56284F28}.Debug|Any CPU.ActiveCfg = Debug|x86
		{10246676-232A-49B0-A25A-F41F56284F28}.Debug|Mixed Platforms.ActiveCfg = Debug|x86
		{10246676-232A-49B0-A25A-F41F56284F28}.Debug|Mixed Platforms.Build.0 = Debug|x86
		{10246676-232A-49B0-A25A-F41F56284F28}.Debug|x86.ActiveCfg = Debug|x86
		{10246676-232A-49B0-A25A-F41F56284F28}.Debug|x86.Build.0 = Debug|x86
		{10246676-232A-49B0-A25A-F41F56284F28}.Release|Any CPU.ActiveCfg = Release|x86
		{10246676-232A-49B0-A25A-F41F56284F28}.Release|Mixed Platforms.ActiveCfg = Release|x86
		{10246676-232A-49B0-A25A-F41F56284F28}.Release|Mixed Platforms.Build.0 = Release|x86
		{10246676-232A-49B0-A25A-F41F56284F28}.Release|x86.ActiveCfg = Release|x86
		{10246676-232A-49B0-A25A-F41F56284F28}.Release|x86.Build.0 = Release|x86
		{C6838CC0-6505-414B-9FD0-9D582104A41A}.Debug|Any CPU.ActiveCfg = Debug|x86
		{C6838CC0-6505-414B-9FD0-9D582104A41A}.Debug|Mixed Platforms.ActiveCfg = Debug|x86
		{C6838CC0-6505-414B-9FD0-9D582104A41A}.Debug|Mixed Platforms.Build.0 = Debug|x86
		{C6838CC0-6505-414B-9FD0-9D582104A41A}.Debug|x86.ActiveCfg = Debug|x86
		{C6838CC0-6505-414B-9FD0-9D582104A41A}.Debug|x86.Build.0 = Debug|x86
		{C6838CC0-6505-414B-9FD0-9D582104A41A}.Release|Any CPU.ActiveCfg = Release|x86
		{C6838CC0-6505-414B-9FD0-9D582104A41A}.Release|Mixed Platforms.ActiveCfg = Release|x86
		{C6838CC0-6505-414B-9FD0-9D582104A41A}.Release|Mixed Platforms.Build.0 = Release|x86
		{C6838CC0-6505-414B-9FD0-9D582104A41A}.Release|x86.ActiveCfg = Release|x86
		{C6838CC0-6505-414B-9FD0-9D582104A41A}.Release|x86.Build.0 = Release|x86
		{BC2117FB-760D-4671-A0AE-6237A26D18F0}.Debug|Any CPU.ActiveCfg = Debug|x86
		{BC2117FB-760D-4671-A0AE-6237A26D18F0}.Debug|Mixed Platforms.ActiveCfg = Debug|x86
		{BC2117FB-760D-4671-A0AE-6237A26D18F0}.Debug|Mixed Platforms.Build.0 = Debug|x86
		{BC2117FB-760D-4671-A0AE-6237A26D18F0}.Debug|x86.ActiveCfg = Debug|x86
		{BC2117FB-760D-4671-A0AE-6237A26D18F0}.Debug|x86.Build.0 = Debug|x86
		{BC2117FB-760D-4671-A0AE-6237A26D18F0}.Release|Any CPU.ActiveCfg = Release|x86
		{BC2117FB-760D-4671-A0AE-6237A26D18F0}.Release|Mixed Platforms.ActiveCfg = Release|x86
		{BC2117FB-760D-4671-A0AE-6237A26D18F0}.Release|Mixed Platforms.Build.0 = Release|x86
		{BC2117FB-760D-4671-A0AE-6237A26D18F0}.Release|x86.ActiveCfg = Release|x86
		{BC2117FB-760D-4671-A0AE-6237A26D18F0}.Release|x86.Build.0 = Release|x86
		{65DF3D61-51A4-4F38-9DB4-2F011675907D}.Debug|Any CPU.ActiveCfg = Debug|x86
		{65DF3D61-51A4-4F38-9DB4-2F011675907D}.Debug|Mixed Platforms.ActiveCfg = Debug|x86
		{65DF3D61-51A4-4F38-9DB4-2F011675907D}.Debug|Mixed Platforms.Build.0 = Debug|x86
		{65DF3D61-51A4-4F38-9DB4-2F011675907D}.Debug|x86.ActiveCfg = Debug|x86
		{65DF3D61-51A4-4F38-9DB4-2F011675907D}.Debug|x86.Build.0 = Debug|x86
		{65DF3D61-51A4-4F38-9DB4-2F011675907D}.Release|Any CPU.ActiveCfg = Release|x86
		{65DF3D61-51A4-4F38-9DB4-2F011675907D}.Release|Mixed Platforms.ActiveCfg = Release|x86
		{65DF3D61-51A4-4F38-9DB4-2F011675907D}.Release|Mixed Platforms.Build.0 = Release|x86
		{65DF3D61-51A4-4F38-9DB4-2F011675907D}.Release|x86.ActiveCfg = Release|x86
		{65DF3D61-51A4-4F38-9DB4-2F011675907D}.Release|x86.Build.0 = Release|x86
		{982127A1-5FCB-4277-A077-BA87781B8C35}.Debug|Any CPU.ActiveCfg = Debug|x86
		{982127A1-5FCB-4277-A077-BA87781B8C35}.Debug|Mixed Platforms.ActiveCfg = Debug|x86
		{982127A1-5FCB-4277-A077-BA87781B8C35}.Debug|Mixed Platforms.Build.0 = Debug|x86
		{982127A1-5FCB-4277-A077-BA87781B8C35}.Debug|x86.ActiveCfg = Debug|x86
		{982127A1-5FCB-4277-A077-BA87781B8C35}.Debug|x86.Build.0 = Debug|x86
		{982127A1-5FCB-4277-A077-BA87781B8C35}.Release|Any CPU.ActiveCfg = Release|x86
		{982127A1-5FCB-4277-A077-BA87781B8C35}.Release|Mixed Platforms.ActiveCfg = Release|x86
		{982127A1-5FCB-4277-A077-BA87781B8C35}.Release|Mixed Platforms.Build.0 = Release|x86
		{982127A1-5FCB-4277-A077-BA87781B8C35}.Release|x86.ActiveCfg = Release|x86
		{982127A1-5FCB-4277-A077-BA87781B8C35}.Release|x86.Build.0 = Release|x86
		{3D18C0EC-221B-4616-AB0D-13BE0015DA76}.Debug|Any CPU.ActiveCfg = Debug|x86
		{3D18C0EC-221B-4616-AB0D-13BE0015DA76}.Debug|Mixed Platforms.ActiveCfg = Debug|x86
		{3D18C0EC-221B-4616-AB0D-13BE0015DA76}.Debug|Mixed Platforms.Build.0 = Debug|x86
		{3D18C0EC-221B-4616-AB0D-13BE0015DA76}.Debug|x86.ActiveCfg = Debug|x86
		{3D18C0EC-221B-4616-AB0D-13BE0015DA76}.Debug|x86.Build.0 = Debug|x86
		{3D18C0EC-221B-4616-AB0D-13BE0015DA76}.Release|Any CPU.ActiveCfg = Release|x86
		{3D18C0EC-221B-4616-AB0D-13BE0015DA76}.Release|Mixed Platforms.ActiveCfg = Release|x86
		{3D18C0EC-221B-4616-AB0D-13BE0015DA76}.Release|Mixed Platforms.Build.0 = Release|x86
		{3D18C0EC-221B-4616-AB0D-13BE0015DA76}.Release|x86.ActiveCfg = Release|x86
		{3D18C0EC-221B-4616-AB0D-13BE0015DA76}.Release|x86.Build.0 = Release|x86
	EndGlobalSection
	GlobalSection(SolutionProperties) = preSolution
		HideSolutionNode = FALSE
	EndGlobalSection
EndGlobal
